
Microsoft Visual Studio Solution File, Format Version 12.00
# Visual Studio 15
VisualStudioVersion = 15.0.28307.168
MinimumVisualStudioVersion = 10.0.40219.1
Project("{FAE04EC0-301F-11D3-BF4B-00C04F79EFBC}") = "QLBH", "QLBH\QLBH.csproj", "{820B2AD5-D181-44B4-8D9C-B047322EE644}"
EndProject
Project("{FAE04EC0-301F-11D3-BF4B-00C04F79EFBC}") = "MyUltilities", "MyUltilities\MyUltilities.csproj", "{5B7F02B1-E9CC-4A39-99F0-AD6EDDEE6AE6}"
EndProject
Global
	GlobalSection(SolutionConfigurationPlatforms) = preSolution
		Debug|Any CPU = Debug|Any CPU
		Release|Any CPU = Release|Any CPU
	EndGlobalSection
	GlobalSection(ProjectConfigurationPlatforms) = postSolution
		{820B2AD5-D181-44B4-8D9C-B047322EE644}.Debug|Any CPU.ActiveCfg = Debug|Any CPU
		{820B2AD5-D181-44B4-8D9C-B047322EE644}.Debug|Any CPU.Build.0 = Debug|Any CPU
		{820B2AD5-D181-44B4-8D9C-B047322EE644}.Release|Any CPU.ActiveCfg = Release|Any CPU
		{820B2AD5-D181-44B4-8D9C-B047322EE644}.Release|Any CPU.Build.0 = Release|Any CPU
		{5B7F02B1-E9CC-4A39-99F0-AD6EDDEE6AE6}.Debug|Any CPU.ActiveCfg = Debug|Any CPU
		{5B7F02B1-E9CC-4A39-99F0-AD6EDDEE6AE6}.Debug|Any CPU.Build.0 = Debug|Any CPU
		{5B7F02B1-E9CC-4A39-99F0-AD6EDDEE6AE6}.Release|Any CPU.ActiveCfg = Release|Any CPU
		{5B7F02B1-E9CC-4A39-99F0-AD6EDDEE6AE6}.Release|Any CPU.Build.0 = Release|Any CPU
	EndGlobalSection
	GlobalSection(SolutionProperties) = preSolution
		HideSolutionNode = FALSE
	EndGlobalSection
	GlobalSection(ExtensibilityGlobals) = postSolution
		SolutionGuid = {74A92D44-A265-46CD-B196-BED7F4017AD0}
	EndGlobalSection
EndGlobal
